
Microsoft Visual Studio Solution File, Format Version 12.00
# Visual Studio Version 17
VisualStudioVersion = 17.2.32519.379
MinimumVisualStudioVersion = 10.0.40219.1
Project("{9A19103F-16F7-4668-BE54-9A1E7A4F7556}") = "Dominio", "Dominio\Dominio.csproj", "{90D823C4-5B6F-406F-AFB6-49F1BDF084DF}"
EndProject
Project("{9A19103F-16F7-4668-BE54-9A1E7A4F7556}") = "Persistencia", "Persistencia\Persistencia.csproj", "{91B62241-0777-41F9-813C-CC35EB2E567E}"
EndProject
Project("{9A19103F-16F7-4668-BE54-9A1E7A4F7556}") = "Aplicacion", "Aplicacion\Aplicacion.csproj", "{541EBAB2-A0CF-4F5B-AE90-76A4FFE1CAA6}"
EndProject
Project("{9A19103F-16F7-4668-BE54-9A1E7A4F7556}") = "WebAPI", "WebAPI\WebAPI.csproj", "{85E7F726-3F6E-43C3-A896-F825AD74AEEB}"
EndProject
Project("{FAE04EC0-301F-11D3-BF4B-00C04F79EFBC}") = "Seguridad", "Seguridad\Seguridad.csproj", "{1B26C2D2-3CB3-4547-9CCE-876098063BE5}"
EndProject
Global
	GlobalSection(SolutionConfigurationPlatforms) = preSolution
		Debug|Any CPU = Debug|Any CPU
		Release|Any CPU = Release|Any CPU
	EndGlobalSection
	GlobalSection(ProjectConfigurationPlatforms) = postSolution
		{90D823C4-5B6F-406F-AFB6-49F1BDF084DF}.Debug|Any CPU.ActiveCfg = Debug|Any CPU
		{90D823C4-5B6F-406F-AFB6-49F1BDF084DF}.Debug|Any CPU.Build.0 = Debug|Any CPU
		{90D823C4-5B6F-406F-AFB6-49F1BDF084DF}.Release|Any CPU.ActiveCfg = Release|Any CPU
		{90D823C4-5B6F-406F-AFB6-49F1BDF084DF}.Release|Any CPU.Build.0 = Release|Any CPU
		{91B62241-0777-41F9-813C-CC35EB2E567E}.Debug|Any CPU.ActiveCfg = Debug|Any CPU
		{91B62241-0777-41F9-813C-CC35EB2E567E}.Debug|Any CPU.Build.0 = Debug|Any CPU
		{91B62241-0777-41F9-813C-CC35EB2E567E}.Release|Any CPU.ActiveCfg = Release|Any CPU
		{91B62241-0777-41F9-813C-CC35EB2E567E}.Release|Any CPU.Build.0 = Release|Any CPU
		{541EBAB2-A0CF-4F5B-AE90-76A4FFE1CAA6}.Debug|Any CPU.ActiveCfg = Debug|Any CPU
		{541EBAB2-A0CF-4F5B-AE90-76A4FFE1CAA6}.Debug|Any CPU.Build.0 = Debug|Any CPU
		{541EBAB2-A0CF-4F5B-AE90-76A4FFE1CAA6}.Release|Any CPU.ActiveCfg = Release|Any CPU
		{541EBAB2-A0CF-4F5B-AE90-76A4FFE1CAA6}.Release|Any CPU.Build.0 = Release|Any CPU
		{85E7F726-3F6E-43C3-A896-F825AD74AEEB}.Debug|Any CPU.ActiveCfg = Debug|Any CPU
		{85E7F726-3F6E-43C3-A896-F825AD74AEEB}.Debug|Any CPU.Build.0 = Debug|Any CPU
		{85E7F726-3F6E-43C3-A896-F825AD74AEEB}.Release|Any CPU.ActiveCfg = Release|Any CPU
		{85E7F726-3F6E-43C3-A896-F825AD74AEEB}.Release|Any CPU.Build.0 = Release|Any CPU
		{1B26C2D2-3CB3-4547-9CCE-876098063BE5}.Debug|Any CPU.ActiveCfg = Debug|Any CPU
		{1B26C2D2-3CB3-4547-9CCE-876098063BE5}.Debug|Any CPU.Build.0 = Debug|Any CPU
		{1B26C2D2-3CB3-4547-9CCE-876098063BE5}.Release|Any CPU.ActiveCfg = Release|Any CPU
		{1B26C2D2-3CB3-4547-9CCE-876098063BE5}.Release|Any CPU.Build.0 = Release|Any CPU
	EndGlobalSection
	GlobalSection(SolutionProperties) = preSolution
		HideSolutionNode = FALSE
	EndGlobalSection
	GlobalSection(ExtensibilityGlobals) = postSolution
		SolutionGuid = {D8E89D47-8A94-4AC8-ACF0-2EB2ED000DCE}
	EndGlobalSection
EndGlobal
